
Microsoft Visual Studio Solution File, Format Version 12.00
# Visual Studio Version 18
VisualStudioVersion = 18.4.11519.219
MinimumVisualStudioVersion = 10.0.40219.1
Project("{FAE04EC0-301F-11D3-BF4B-00C04F79EFBC}") = "OrdoMill.Data", "OrdoMill.Data\OrdoMill.Data.csproj", "{75857EAA-DD66-43B8-BF7B-1CFD929FD1E9}"
EndProject
Project("{FAE04EC0-301F-11D3-BF4B-00C04F79EFBC}") = "OrdoMill.GlobalResources", "OrdoMill.Resources\OrdoMill.GlobalResources.csproj", "{0D4E5092-AD5C-4AE9-B7E1-1A5D9BF026D4}"
EndProject
Project("{FAE04EC0-301F-11D3-BF4B-00C04F79EFBC}") = "OrdoMill", "OrdoMill\OrdoMill.csproj", "{C5D5431B-0684-4777-A1DE-F7C39579CA54}"
EndProject
Project("{2150E333-8FDC-42A3-9474-1A3956D46DE8}") = "Solution Items", "Solution Items", "{5DDF47D0-564C-46F8-9BBF-A745F495CDFC}"
	ProjectSection(SolutionItems) = preProject
		AGENTS.md = AGENTS.md
	EndProjectSection
EndProject
Global
	GlobalSection(SolutionConfigurationPlatforms) = preSolution
		Debug|Any CPU = Debug|Any CPU
		Debug|x86 = Debug|x86
		Release|Any CPU = Release|Any CPU
		Release|x86 = Release|x86
	EndGlobalSection
	GlobalSection(ProjectConfigurationPlatforms) = postSolution
		{75857EAA-DD66-43B8-BF7B-1CFD929FD1E9}.Debug|Any CPU.ActiveCfg = Debug|Any CPU
		{75857EAA-DD66-43B8-BF7B-1CFD929FD1E9}.Debug|Any CPU.Build.0 = Debug|Any CPU
		{75857EAA-DD66-43B8-BF7B-1CFD929FD1E9}.Debug|x86.ActiveCfg = Debug|Any CPU
		{75857EAA-DD66-43B8-BF7B-1CFD929FD1E9}.Debug|x86.Build.0 = Debug|Any CPU
		{75857EAA-DD66-43B8-BF7B-1CFD929FD1E9}.Release|Any CPU.ActiveCfg = Release|Any CPU
		{75857EAA-DD66-43B8-BF7B-1CFD929FD1E9}.Release|Any CPU.Build.0 = Release|Any CPU
		{75857EAA-DD66-43B8-BF7B-1CFD929FD1E9}.Release|x86.ActiveCfg = Release|Any CPU
		{75857EAA-DD66-43B8-BF7B-1CFD929FD1E9}.Release|x86.Build.0 = Release|Any CPU
		{0D4E5092-AD5C-4AE9-B7E1-1A5D9BF026D4}.Debug|Any CPU.ActiveCfg = Debug|Any CPU
		{0D4E5092-AD5C-4AE9-B7E1-1A5D9BF026D4}.Debug|Any CPU.Build.0 = Debug|Any CPU
		{0D4E5092-AD5C-4AE9-B7E1-1A5D9BF026D4}.Debug|x86.ActiveCfg = Debug|x86
		{0D4E5092-AD5C-4AE9-B7E1-1A5D9BF026D4}.Debug|x86.Build.0 = Debug|x86
		{0D4E5092-AD5C-4AE9-B7E1-1A5D9BF026D4}.Release|Any CPU.ActiveCfg = Release|x86
		{0D4E5092-AD5C-4AE9-B7E1-1A5D9BF026D4}.Release|x86.ActiveCfg = Release|x86
		{0D4E5092-AD5C-4AE9-B7E1-1A5D9BF026D4}.Release|x86.Build.0 = Release|x86
		{C5D5431B-0684-4777-A1DE-F7C39579CA54}.Debug|Any CPU.ActiveCfg = Debug|Any CPU
		{C5D5431B-0684-4777-A1DE-F7C39579CA54}.Debug|Any CPU.Build.0 = Debug|Any CPU
		{C5D5431B-0684-4777-A1DE-F7C39579CA54}.Debug|x86.ActiveCfg = Debug|Any CPU
		{C5D5431B-0684-4777-A1DE-F7C39579CA54}.Debug|x86.Build.0 = Debug|Any CPU
		{C5D5431B-0684-4777-A1DE-F7C39579CA54}.Release|Any CPU.ActiveCfg = Release|Any CPU
		{C5D5431B-0684-4777-A1DE-F7C39579CA54}.Release|Any CPU.Build.0 = Release|Any CPU
		{C5D5431B-0684-4777-A1DE-F7C39579CA54}.Release|x86.ActiveCfg = Release|Any CPU
		{C5D5431B-0684-4777-A1DE-F7C39579CA54}.Release|x86.Build.0 = Release|Any CPU
	EndGlobalSection
	GlobalSection(SolutionProperties) = preSolution
		HideSolutionNode = FALSE
	EndGlobalSection
	GlobalSection(ExtensibilityGlobals) = postSolution
		SolutionGuid = {0594C68D-07B4-4396-AD9A-4822F75F019B}
	EndGlobalSection
EndGlobal
